
Microsoft Visual Studio Solution File, Format Version 12.00
# Visual Studio Version 16
VisualStudioVersion = 16.0.31702.278
MinimumVisualStudioVersion = 10.0.40219.1
Project("{8BC9CEB8-8B4A-11D0-8D11-00A0C91BC942}") = "MoreFunctions", "MoreFunctions.vcxproj", "{55357D1C-A827-46E9-AE10-A46BFD0F6991}"
EndProject
Global
	GlobalSection(SolutionConfigurationPlatforms) = preSolution
		Debug|x64 = Debug|x64
		Debug|x86 = Debug|x86
		Release|x64 = Release|x64
		Release|x86 = Release|x86
	EndGlobalSection
	GlobalSection(ProjectConfigurationPlatforms) = postSolution
		{55357D1C-A827-46E9-AE10-A46BFD0F6991}.Debug|x64.ActiveCfg = Debug|x64
		{55357D1C-A827-46E9-AE10-A46BFD0F6991}.Debug|x64.Build.0 = Debug|x64
		{55357D1C-A827-46E9-AE10-A46BFD0F6991}.Debug|x86.ActiveCfg = Debug|Win32
		{55357D1C-A827-46E9-AE10-A46BFD0F6991}.Debug|x86.Build.0 = Debug|Win32
		{55357D1C-A827-46E9-AE10-A46BFD0F6991}.Release|x64.ActiveCfg = Release|x64
		{55357D1C-A827-46E9-AE10-A46BFD0F6991}.Release|x64.Build.0 = Release|x64
		{55357D1C-A827-46E9-AE10-A46BFD0F6991}.Release|x86.ActiveCfg = Release|Win32
		{55357D1C-A827-46E9-AE10-A46BFD0F6991}.Release|x86.Build.0 = Release|Win32
	EndGlobalSection
	GlobalSection(SolutionProperties) = preSolution
		HideSolutionNode = FALSE
	EndGlobalSection
	GlobalSection(ExtensibilityGlobals) = postSolution
		SolutionGuid = {B11EC6CB-B4C7-4C27-8589-475AF4D36032}
	EndGlobalSection
EndGlobal
